
Microsoft Visual Studio Solution File, Format Version 12.00
# Visual Studio Version 16
VisualStudioVersion = 16.0.30503.244
MinimumVisualStudioVersion = 10.0.40219.1
Project("{9A19103F-16F7-4668-BE54-9A1E7A4F7556}") = "MatchGame", "MatchGame\MatchGame.csproj", "{3FDFB7A8-5158-413E-BAF7-3C2A624C178D}"
EndProject
Project("{FAE04EC0-301F-11D3-BF4B-00C04F79EFBC}") = "hello", "hello\hello.csproj", "{4863E9DA-5A07-40CE-8E22-D0F0C3E94706}"
EndProject
Project("{FAE04EC0-301F-11D3-BF4B-00C04F79EFBC}") = "Pruebas", "Pruebas\Pruebas.csproj", "{A97FF5BE-054A-4F49-8188-126725F31B9D}"
EndProject
Global
	GlobalSection(SolutionConfigurationPlatforms) = preSolution
		Debug|Any CPU = Debug|Any CPU
		Release|Any CPU = Release|Any CPU
	EndGlobalSection
	GlobalSection(ProjectConfigurationPlatforms) = postSolution
		{3FDFB7A8-5158-413E-BAF7-3C2A624C178D}.Debug|Any CPU.ActiveCfg = Debug|Any CPU
		{3FDFB7A8-5158-413E-BAF7-3C2A624C178D}.Debug|Any CPU.Build.0 = Debug|Any CPU
		{3FDFB7A8-5158-413E-BAF7-3C2A624C178D}.Release|Any CPU.ActiveCfg = Release|Any CPU
		{3FDFB7A8-5158-413E-BAF7-3C2A624C178D}.Release|Any CPU.Build.0 = Release|Any CPU
		{4863E9DA-5A07-40CE-8E22-D0F0C3E94706}.Debug|Any CPU.ActiveCfg = Debug|Any CPU
		{4863E9DA-5A07-40CE-8E22-D0F0C3E94706}.Debug|Any CPU.Build.0 = Debug|Any CPU
		{4863E9DA-5A07-40CE-8E22-D0F0C3E94706}.Release|Any CPU.ActiveCfg = Release|Any CPU
		{4863E9DA-5A07-40CE-8E22-D0F0C3E94706}.Release|Any CPU.Build.0 = Release|Any CPU
		{A97FF5BE-054A-4F49-8188-126725F31B9D}.Debug|Any CPU.ActiveCfg = Debug|Any CPU
		{A97FF5BE-054A-4F49-8188-126725F31B9D}.Debug|Any CPU.Build.0 = Debug|Any CPU
		{A97FF5BE-054A-4F49-8188-126725F31B9D}.Release|Any CPU.ActiveCfg = Release|Any CPU
		{A97FF5BE-054A-4F49-8188-126725F31B9D}.Release|Any CPU.Build.0 = Release|Any CPU
	EndGlobalSection
	GlobalSection(SolutionProperties) = preSolution
		HideSolutionNode = FALSE
	EndGlobalSection
	GlobalSection(ExtensibilityGlobals) = postSolution
		SolutionGuid = {DD357DBD-ED52-49E4-98A5-F8A1A1CFBD12}
	EndGlobalSection
EndGlobal
