
Microsoft Visual Studio Solution File, Format Version 12.00
# Visual Studio Version 16
VisualStudioVersion = 16.0.30503.244
MinimumVisualStudioVersion = 10.0.40219.1
Project("{FAE04EC0-301F-11D3-BF4B-00C04F79EFBC}") = "MatchGame", "MatchGame\MatchGame.csproj", "{3FDFB7A8-5158-413E-BAF7-3C2A624C178D}"
EndProject
Global
	GlobalSection(SolutionConfigurationPlatforms) = preSolution
		Debug|Any CPU = Debug|Any CPU
		Release|Any CPU = Release|Any CPU
	EndGlobalSection
	GlobalSection(ProjectConfigurationPlatforms) = postSolution
		{3FDFB7A8-5158-413E-BAF7-3C2A624C178D}.Debug|Any CPU.ActiveCfg = Debug|Any CPU
		{3FDFB7A8-5158-413E-BAF7-3C2A624C178D}.Debug|Any CPU.Build.0 = Debug|Any CPU
		{3FDFB7A8-5158-413E-BAF7-3C2A624C178D}.Release|Any CPU.ActiveCfg = Release|Any CPU
		{3FDFB7A8-5158-413E-BAF7-3C2A624C178D}.Release|Any CPU.Build.0 = Release|Any CPU
	EndGlobalSection
	GlobalSection(SolutionProperties) = preSolution
		HideSolutionNode = FALSE
	EndGlobalSection
	GlobalSection(ExtensibilityGlobals) = postSolution
		SolutionGuid = {DD357DBD-ED52-49E4-98A5-F8A1A1CFBD12}
	EndGlobalSection
EndGlobal
